
Microsoft Visual Studio Solution File, Format Version 12.00
# Visual Studio 15
VisualStudioVersion = 15.0.28307.329
MinimumVisualStudioVersion = 10.0.40219.1
Project("{8BC9CEB8-8B4A-11D0-8D11-00A0C91BC942}") = "ZeroValueAnomaly", "ZeroValueAnomaly\ZeroValueAnomaly.vcxproj", "{F63018CC-6BA7-49FD-8870-39130D7E8AD1}"
EndProject
Project("{8BC9CEB8-8B4A-11D0-8D11-00A0C91BC942}") = "test", "test\test.vcxproj", "{AC161645-6604-4ED9-A2CF-9EA545E1F124}"
	ProjectSection(ProjectDependencies) = postProject
		{F63018CC-6BA7-49FD-8870-39130D7E8AD1} = {F63018CC-6BA7-49FD-8870-39130D7E8AD1}
	EndProjectSection
EndProject
Global
	GlobalSection(SolutionConfigurationPlatforms) = preSolution
		Debug|x64 = Debug|x64
		Debug|x86 = Debug|x86
		Release|x64 = Release|x64
		Release|x86 = Release|x86
	EndGlobalSection
	GlobalSection(ProjectConfigurationPlatforms) = postSolution
		{F63018CC-6BA7-49FD-8870-39130D7E8AD1}.Debug|x64.ActiveCfg = Debug|x64
		{F63018CC-6BA7-49FD-8870-39130D7E8AD1}.Debug|x64.Build.0 = Debug|x64
		{F63018CC-6BA7-49FD-8870-39130D7E8AD1}.Debug|x86.ActiveCfg = Debug|x64
		{F63018CC-6BA7-49FD-8870-39130D7E8AD1}.Debug|x86.Build.0 = Debug|x64
		{F63018CC-6BA7-49FD-8870-39130D7E8AD1}.Release|x64.ActiveCfg = Debug|x64
		{F63018CC-6BA7-49FD-8870-39130D7E8AD1}.Release|x64.Build.0 = Debug|x64
		{F63018CC-6BA7-49FD-8870-39130D7E8AD1}.Release|x86.ActiveCfg = Debug|x64
		{F63018CC-6BA7-49FD-8870-39130D7E8AD1}.Release|x86.Build.0 = Debug|x64
		{AC161645-6604-4ED9-A2CF-9EA545E1F124}.Debug|x64.ActiveCfg = Debug|x64
		{AC161645-6604-4ED9-A2CF-9EA545E1F124}.Debug|x64.Build.0 = Debug|x64
		{AC161645-6604-4ED9-A2CF-9EA545E1F124}.Debug|x86.ActiveCfg = Debug|x64
		{AC161645-6604-4ED9-A2CF-9EA545E1F124}.Debug|x86.Build.0 = Debug|x64
		{AC161645-6604-4ED9-A2CF-9EA545E1F124}.Release|x64.ActiveCfg = Debug|x64
		{AC161645-6604-4ED9-A2CF-9EA545E1F124}.Release|x64.Build.0 = Debug|x64
		{AC161645-6604-4ED9-A2CF-9EA545E1F124}.Release|x86.ActiveCfg = Debug|x64
		{AC161645-6604-4ED9-A2CF-9EA545E1F124}.Release|x86.Build.0 = Debug|x64
	EndGlobalSection
	GlobalSection(SolutionProperties) = preSolution
		HideSolutionNode = FALSE
	EndGlobalSection
	GlobalSection(ExtensibilityGlobals) = postSolution
		SolutionGuid = {5E877530-2055-49A9-BCD7-AC84EEA241E7}
	EndGlobalSection
EndGlobal
